
Microsoft Visual Studio Solution File, Format Version 12.00
# Visual Studio Version 17
VisualStudioVersion = 17.4.33205.214
MinimumVisualStudioVersion = 10.0.40219.1
Project("{FAE04EC0-301F-11D3-BF4B-00C04F79EFBC}") = "HomestatsMqttServer", "HomestatsMqttServer\HomestatsMqttServer.csproj", "{AB1BA03F-F3A6-4736-9622-A4D4C06F37CC}"
EndProject
Global
	GlobalSection(SolutionConfigurationPlatforms) = preSolution
		Debug|Any CPU = Debug|Any CPU
		Release|Any CPU = Release|Any CPU
	EndGlobalSection
	GlobalSection(ProjectConfigurationPlatforms) = postSolution
		{AB1BA03F-F3A6-4736-9622-A4D4C06F37CC}.Debug|Any CPU.ActiveCfg = Debug|Any CPU
		{AB1BA03F-F3A6-4736-9622-A4D4C06F37CC}.Debug|Any CPU.Build.0 = Debug|Any CPU
		{AB1BA03F-F3A6-4736-9622-A4D4C06F37CC}.Release|Any CPU.ActiveCfg = Release|Any CPU
		{AB1BA03F-F3A6-4736-9622-A4D4C06F37CC}.Release|Any CPU.Build.0 = Release|Any CPU
	EndGlobalSection
	GlobalSection(SolutionProperties) = preSolution
		HideSolutionNode = FALSE
	EndGlobalSection
	GlobalSection(ExtensibilityGlobals) = postSolution
		SolutionGuid = {D7DFAE3F-5942-4CCB-BD5E-3FCCEB6205DD}
	EndGlobalSection
EndGlobal
